
Microsoft Visual Studio Solution File, Format Version 12.00
# Visual Studio Version 17
VisualStudioVersion = 17.7.34221.43
MinimumVisualStudioVersion = 10.0.40219.1
Project("{8BC9CEB8-8B4A-11D0-8D11-00A0C91BC942}") = "Project7", "Project7\Project7.vcxproj", "{B7B90912-18D0-4B4B-A999-6ECCEBF8BFFF}"
EndProject
Global
	GlobalSection(SolutionConfigurationPlatforms) = preSolution
		Debug|x64 = Debug|x64
		Debug|x86 = Debug|x86
		Release|x64 = Release|x64
		Release|x86 = Release|x86
	EndGlobalSection
	GlobalSection(ProjectConfigurationPlatforms) = postSolution
		{B7B90912-18D0-4B4B-A999-6ECCEBF8BFFF}.Debug|x64.ActiveCfg = Debug|x64
		{B7B90912-18D0-4B4B-A999-6ECCEBF8BFFF}.Debug|x64.Build.0 = Debug|x64
		{B7B90912-18D0-4B4B-A999-6ECCEBF8BFFF}.Debug|x86.ActiveCfg = Debug|Win32
		{B7B90912-18D0-4B4B-A999-6ECCEBF8BFFF}.Debug|x86.Build.0 = Debug|Win32
		{B7B90912-18D0-4B4B-A999-6ECCEBF8BFFF}.Release|x64.ActiveCfg = Release|x64
		{B7B90912-18D0-4B4B-A999-6ECCEBF8BFFF}.Release|x64.Build.0 = Release|x64
		{B7B90912-18D0-4B4B-A999-6ECCEBF8BFFF}.Release|x86.ActiveCfg = Release|Win32
		{B7B90912-18D0-4B4B-A999-6ECCEBF8BFFF}.Release|x86.Build.0 = Release|Win32
	EndGlobalSection
	GlobalSection(SolutionProperties) = preSolution
		HideSolutionNode = FALSE
	EndGlobalSection
	GlobalSection(ExtensibilityGlobals) = postSolution
		SolutionGuid = {2AE50100-0DCE-4DDD-A6F7-39277D401D7C}
	EndGlobalSection
EndGlobal
